
Microsoft Visual Studio Solution File, Format Version 12.00
# Visual Studio Version 17
VisualStudioVersion = 17.0.31903.59
MinimumVisualStudioVersion = 10.0.40219.1
Project("{FAE04EC0-301F-11D3-BF4B-00C04F79EFBC}") = "EmployeeService", "backend\EmployeeService\EmployeeService.csproj", "{AEC87F2E-EDC7-7947-EC7B-52365C2325E0}"
EndProject
Project("{FAE04EC0-301F-11D3-BF4B-00C04F79EFBC}") = "AuthService", "backend\AuthService\AuthService.csproj", "{3223C0DF-D527-482D-AA18-F133E2ED641C}"
EndProject
Global
	GlobalSection(SolutionConfigurationPlatforms) = preSolution
		Debug|Any CPU = Debug|Any CPU
		Release|Any CPU = Release|Any CPU
	EndGlobalSection
	GlobalSection(ProjectConfigurationPlatforms) = postSolution
		{AEC87F2E-EDC7-7947-EC7B-52365C2325E0}.Debug|Any CPU.ActiveCfg = Debug|Any CPU
		{AEC87F2E-EDC7-7947-EC7B-52365C2325E0}.Debug|Any CPU.Build.0 = Debug|Any CPU
		{AEC87F2E-EDC7-7947-EC7B-52365C2325E0}.Release|Any CPU.ActiveCfg = Release|Any CPU
		{AEC87F2E-EDC7-7947-EC7B-52365C2325E0}.Release|Any CPU.Build.0 = Release|Any CPU
		{3223C0DF-D527-482D-AA18-F133E2ED641C}.Debug|Any CPU.ActiveCfg = Debug|Any CPU
		{3223C0DF-D527-482D-AA18-F133E2ED641C}.Debug|Any CPU.Build.0 = Debug|Any CPU
		{3223C0DF-D527-482D-AA18-F133E2ED641C}.Release|Any CPU.ActiveCfg = Release|Any CPU
		{3223C0DF-D527-482D-AA18-F133E2ED641C}.Release|Any CPU.Build.0 = Release|Any CPU
	EndGlobalSection
	GlobalSection(SolutionProperties) = preSolution
		HideSolutionNode = FALSE
	EndGlobalSection
	GlobalSection(ExtensibilityGlobals) = postSolution
		SolutionGuid = {A7607FA6-7372-45BD-BC6A-E2D80862764B}
	EndGlobalSection
EndGlobal
